
Microsoft Visual Studio Solution File, Format Version 12.00
# Visual Studio Version 16
VisualStudioVersion = 16.0.31424.327
MinimumVisualStudioVersion = 10.0.40219.1
Project("{9A19103F-16F7-4668-BE54-9A1E7A4F7556}") = "FourierTransas", "FourierTransas\FourierTransas.csproj", "{21F8627D-DD31-4D51-BF1F-80FA886FF2CE}"
EndProject
Project("{FAE04EC0-301F-11D3-BF4B-00C04F79EFBC}") = "Services", "Services\Services.csproj", "{2A675956-7572-495B-9E98-8FFEB22FE38F}"
EndProject
Global
	GlobalSection(SolutionConfigurationPlatforms) = preSolution
		Debug|Any CPU = Debug|Any CPU
		Debug|x64 = Debug|x64
		Debug|x86 = Debug|x86
		Release|Any CPU = Release|Any CPU
		Release|x64 = Release|x64
		Release|x86 = Release|x86
	EndGlobalSection
	GlobalSection(ProjectConfigurationPlatforms) = postSolution
		{21F8627D-DD31-4D51-BF1F-80FA886FF2CE}.Debug|Any CPU.ActiveCfg = Debug|Any CPU
		{21F8627D-DD31-4D51-BF1F-80FA886FF2CE}.Debug|Any CPU.Build.0 = Debug|Any CPU
		{21F8627D-DD31-4D51-BF1F-80FA886FF2CE}.Debug|x64.ActiveCfg = Debug|Any CPU
		{21F8627D-DD31-4D51-BF1F-80FA886FF2CE}.Debug|x64.Build.0 = Debug|Any CPU
		{21F8627D-DD31-4D51-BF1F-80FA886FF2CE}.Debug|x86.ActiveCfg = Debug|Any CPU
		{21F8627D-DD31-4D51-BF1F-80FA886FF2CE}.Debug|x86.Build.0 = Debug|Any CPU
		{21F8627D-DD31-4D51-BF1F-80FA886FF2CE}.Release|Any CPU.ActiveCfg = Release|Any CPU
		{21F8627D-DD31-4D51-BF1F-80FA886FF2CE}.Release|Any CPU.Build.0 = Release|Any CPU
		{21F8627D-DD31-4D51-BF1F-80FA886FF2CE}.Release|x64.ActiveCfg = Release|Any CPU
		{21F8627D-DD31-4D51-BF1F-80FA886FF2CE}.Release|x64.Build.0 = Release|Any CPU
		{21F8627D-DD31-4D51-BF1F-80FA886FF2CE}.Release|x86.ActiveCfg = Release|Any CPU
		{21F8627D-DD31-4D51-BF1F-80FA886FF2CE}.Release|x86.Build.0 = Release|Any CPU
		{2A675956-7572-495B-9E98-8FFEB22FE38F}.Debug|Any CPU.ActiveCfg = Debug|Any CPU
		{2A675956-7572-495B-9E98-8FFEB22FE38F}.Debug|Any CPU.Build.0 = Debug|Any CPU
		{2A675956-7572-495B-9E98-8FFEB22FE38F}.Debug|x64.ActiveCfg = Debug|Any CPU
		{2A675956-7572-495B-9E98-8FFEB22FE38F}.Debug|x64.Build.0 = Debug|Any CPU
		{2A675956-7572-495B-9E98-8FFEB22FE38F}.Debug|x86.ActiveCfg = Debug|Any CPU
		{2A675956-7572-495B-9E98-8FFEB22FE38F}.Debug|x86.Build.0 = Debug|Any CPU
		{2A675956-7572-495B-9E98-8FFEB22FE38F}.Release|Any CPU.ActiveCfg = Release|Any CPU
		{2A675956-7572-495B-9E98-8FFEB22FE38F}.Release|Any CPU.Build.0 = Release|Any CPU
		{2A675956-7572-495B-9E98-8FFEB22FE38F}.Release|x64.ActiveCfg = Release|Any CPU
		{2A675956-7572-495B-9E98-8FFEB22FE38F}.Release|x64.Build.0 = Release|Any CPU
		{2A675956-7572-495B-9E98-8FFEB22FE38F}.Release|x86.ActiveCfg = Release|Any CPU
		{2A675956-7572-495B-9E98-8FFEB22FE38F}.Release|x86.Build.0 = Release|Any CPU
	EndGlobalSection
	GlobalSection(SolutionProperties) = preSolution
		HideSolutionNode = FALSE
	EndGlobalSection
	GlobalSection(ExtensibilityGlobals) = postSolution
		SolutionGuid = {D4204F9B-47E1-4865-A0BB-D376C565883C}
	EndGlobalSection
EndGlobal
